
Microsoft Visual Studio Solution File, Format Version 12.00
# Visual Studio Version 17
VisualStudioVersion = 17.5.33516.290
MinimumVisualStudioVersion = 10.0.40219.1
Project("{9A19103F-16F7-4668-BE54-9A1E7A4F7556}") = "TravelAgencyCoreProject", "TravelAgencyCoreProject.csproj", "{762782B9-7F37-4F23-BCB7-22A130C57F61}"
EndProject
Project("{9A19103F-16F7-4668-BE54-9A1E7A4F7556}") = "EntityLayer", "..\EntityLayer\EntityLayer.csproj", "{7FDCEF19-16BD-48BC-8150-1A412C9C89AD}"
EndProject
Project("{9A19103F-16F7-4668-BE54-9A1E7A4F7556}") = "BusinessLayer", "..\BusinessLayer\BusinessLayer.csproj", "{3EA46E08-9F0A-4C81-BDCF-CB91184E1D2C}"
EndProject
Project("{9A19103F-16F7-4668-BE54-9A1E7A4F7556}") = "DataAccessLayer", "..\DataAccessLayer\DataAccessLayer.csproj", "{A115FE6B-5528-44EA-ABB5-D218443EE48A}"
EndProject
Project("{9A19103F-16F7-4668-BE54-9A1E7A4F7556}") = "DTOLayer", "..\DTOLayer\DTOLayer.csproj", "{2E3730E3-3BD7-4E0C-84B8-0DBED66C5CDC}"
EndProject
Project("{FAE04EC0-301F-11D3-BF4B-00C04F79EFBC}") = "SignalRApi", "..\SignalRApi\SignalRApi.csproj", "{6EA998BB-BF9B-4EC8-BF9E-9BB708C71DED}"
EndProject
Global
	GlobalSection(SolutionConfigurationPlatforms) = preSolution
		Debug|Any CPU = Debug|Any CPU
		Release|Any CPU = Release|Any CPU
	EndGlobalSection
	GlobalSection(ProjectConfigurationPlatforms) = postSolution
		{762782B9-7F37-4F23-BCB7-22A130C57F61}.Debug|Any CPU.ActiveCfg = Debug|Any CPU
		{762782B9-7F37-4F23-BCB7-22A130C57F61}.Debug|Any CPU.Build.0 = Debug|Any CPU
		{762782B9-7F37-4F23-BCB7-22A130C57F61}.Release|Any CPU.ActiveCfg = Release|Any CPU
		{762782B9-7F37-4F23-BCB7-22A130C57F61}.Release|Any CPU.Build.0 = Release|Any CPU
		{7FDCEF19-16BD-48BC-8150-1A412C9C89AD}.Debug|Any CPU.ActiveCfg = Debug|Any CPU
		{7FDCEF19-16BD-48BC-8150-1A412C9C89AD}.Debug|Any CPU.Build.0 = Debug|Any CPU
		{7FDCEF19-16BD-48BC-8150-1A412C9C89AD}.Release|Any CPU.ActiveCfg = Release|Any CPU
		{7FDCEF19-16BD-48BC-8150-1A412C9C89AD}.Release|Any CPU.Build.0 = Release|Any CPU
		{3EA46E08-9F0A-4C81-BDCF-CB91184E1D2C}.Debug|Any CPU.ActiveCfg = Debug|Any CPU
		{3EA46E08-9F0A-4C81-BDCF-CB91184E1D2C}.Debug|Any CPU.Build.0 = Debug|Any CPU
		{3EA46E08-9F0A-4C81-BDCF-CB91184E1D2C}.Release|Any CPU.ActiveCfg = Release|Any CPU
		{3EA46E08-9F0A-4C81-BDCF-CB91184E1D2C}.Release|Any CPU.Build.0 = Release|Any CPU
		{A115FE6B-5528-44EA-ABB5-D218443EE48A}.Debug|Any CPU.ActiveCfg = Debug|Any CPU
		{A115FE6B-5528-44EA-ABB5-D218443EE48A}.Debug|Any CPU.Build.0 = Debug|Any CPU
		{A115FE6B-5528-44EA-ABB5-D218443EE48A}.Release|Any CPU.ActiveCfg = Release|Any CPU
		{A115FE6B-5528-44EA-ABB5-D218443EE48A}.Release|Any CPU.Build.0 = Release|Any CPU
		{2E3730E3-3BD7-4E0C-84B8-0DBED66C5CDC}.Debug|Any CPU.ActiveCfg = Debug|Any CPU
		{2E3730E3-3BD7-4E0C-84B8-0DBED66C5CDC}.Debug|Any CPU.Build.0 = Debug|Any CPU
		{2E3730E3-3BD7-4E0C-84B8-0DBED66C5CDC}.Release|Any CPU.ActiveCfg = Release|Any CPU
		{2E3730E3-3BD7-4E0C-84B8-0DBED66C5CDC}.Release|Any CPU.Build.0 = Release|Any CPU
		{6EA998BB-BF9B-4EC8-BF9E-9BB708C71DED}.Debug|Any CPU.ActiveCfg = Debug|Any CPU
		{6EA998BB-BF9B-4EC8-BF9E-9BB708C71DED}.Debug|Any CPU.Build.0 = Debug|Any CPU
		{6EA998BB-BF9B-4EC8-BF9E-9BB708C71DED}.Release|Any CPU.ActiveCfg = Release|Any CPU
		{6EA998BB-BF9B-4EC8-BF9E-9BB708C71DED}.Release|Any CPU.Build.0 = Release|Any CPU
	EndGlobalSection
	GlobalSection(SolutionProperties) = preSolution
		HideSolutionNode = FALSE
	EndGlobalSection
	GlobalSection(ExtensibilityGlobals) = postSolution
		SolutionGuid = {CBC081C9-7721-4E65-8EA6-35C7C3A21548}
	EndGlobalSection
EndGlobal
